
Microsoft Visual Studio Solution File, Format Version 12.00
# Visual Studio 15
VisualStudioVersion = 15.0.28010.2046
MinimumVisualStudioVersion = 10.0.40219.1
Project("{FAE04EC0-301F-11D3-BF4B-00C04F79EFBC}") = "QLDSV_1", "QLDSV_1\QLDSV_1.csproj", "{5E15AF3E-0453-4122-8E9D-F7D7252445C1}"
EndProject
Global
	GlobalSection(SolutionConfigurationPlatforms) = preSolution
		Debug|Any CPU = Debug|Any CPU
		Release|Any CPU = Release|Any CPU
	EndGlobalSection
	GlobalSection(ProjectConfigurationPlatforms) = postSolution
		{5E15AF3E-0453-4122-8E9D-F7D7252445C1}.Debug|Any CPU.ActiveCfg = Debug|Any CPU
		{5E15AF3E-0453-4122-8E9D-F7D7252445C1}.Debug|Any CPU.Build.0 = Debug|Any CPU
		{5E15AF3E-0453-4122-8E9D-F7D7252445C1}.Release|Any CPU.ActiveCfg = Release|Any CPU
		{5E15AF3E-0453-4122-8E9D-F7D7252445C1}.Release|Any CPU.Build.0 = Release|Any CPU
	EndGlobalSection
	GlobalSection(SolutionProperties) = preSolution
		HideSolutionNode = FALSE
	EndGlobalSection
	GlobalSection(ExtensibilityGlobals) = postSolution
		SolutionGuid = {52D4A625-3F12-47F4-A625-1231F14AC906}
	EndGlobalSection
EndGlobal
